{
  "name": "indie-feed-starter",
  "version": "1.0.0",
  "lockfileVersion": 1,
  "requires": true,
  "dependencies": {
    "@indie-feed/cli": {
      "version": "file:../indie-feed/packages/cli",
      "dev": true,
      "requires": {
        "nunjucks": "^3.2.0",
        "rss-parser": "^3.7.1"
      }
    }
  }
}
